
Microsoft Visual Studio Solution File, Format Version 12.00
# Visual Studio Version 17
VisualStudioVersion = 17.11.35303.130
MinimumVisualStudioVersion = 10.0.40219.1
Project("{FAE04EC0-301F-11D3-BF4B-00C04F79EFBC}") = "WPF_CONCERT_MUSIQUE", "WPF_CONCERT_MUSIQUE\WPF_CONCERT_MUSIQUE.csproj", "{228137E7-56FA-4733-AD0A-93E34A9895E4}"
EndProject
Project("{FAE04EC0-301F-11D3-BF4B-00C04F79EFBC}") = "LIB_PROJET", "LIB_PROJET\LIB_PROJET.csproj", "{58091B6E-6D54-41DD-B8AF-AE55E4B1ADF3}"
EndProject
Global
	GlobalSection(SolutionConfigurationPlatforms) = preSolution
		Debug|Any CPU = Debug|Any CPU
		Release|Any CPU = Release|Any CPU
	EndGlobalSection
	GlobalSection(ProjectConfigurationPlatforms) = postSolution
		{228137E7-56FA-4733-AD0A-93E34A9895E4}.Debug|Any CPU.ActiveCfg = Debug|Any CPU
		{228137E7-56FA-4733-AD0A-93E34A9895E4}.Debug|Any CPU.Build.0 = Debug|Any CPU
		{228137E7-56FA-4733-AD0A-93E34A9895E4}.Release|Any CPU.ActiveCfg = Release|Any CPU
		{228137E7-56FA-4733-AD0A-93E34A9895E4}.Release|Any CPU.Build.0 = Release|Any CPU
		{58091B6E-6D54-41DD-B8AF-AE55E4B1ADF3}.Debug|Any CPU.ActiveCfg = Debug|Any CPU
		{58091B6E-6D54-41DD-B8AF-AE55E4B1ADF3}.Debug|Any CPU.Build.0 = Debug|Any CPU
		{58091B6E-6D54-41DD-B8AF-AE55E4B1ADF3}.Release|Any CPU.ActiveCfg = Release|Any CPU
		{58091B6E-6D54-41DD-B8AF-AE55E4B1ADF3}.Release|Any CPU.Build.0 = Release|Any CPU
	EndGlobalSection
	GlobalSection(SolutionProperties) = preSolution
		HideSolutionNode = FALSE
	EndGlobalSection
	GlobalSection(ExtensibilityGlobals) = postSolution
		SolutionGuid = {BB922CAB-A400-4E78-AD94-81CEB2C4B9EB}
	EndGlobalSection
EndGlobal
